# AUTO-GENERATED FILE. DO NOT EDIT MANUALLY.
# Commit this file to version control for reproducible installs.
version::1
zert::zert::https://github.com/oxcl/zert.git::91367775ed98b12fd86f2e36e268f4f523478da8::
github.com--romkatv--powerlevel10k::git::https://github.com/romkatv/powerlevel10k::604f19a9eaa18e76db2e60b8d446d5f879065f90::
github.com--zsh-users--zsh-autosuggestions::git::https://github.com/zsh-users/zsh-autosuggestions::85919cd1ffa7d2d5412f6d3fe437ebdbeeec4fc5::
ohmyzsh::ohmyzsh::ohmyzsh::70ad5e3df8f7bed68aa6672029496926e632aedd::
