{
  "nodes": {
    "apple-emoji-nix": {
      "inputs": {
        "nixpkgs": [
          "nixpkgs"
        ]
      },
      "locked": {
        "lastModified": 1711624089,
        "narHash": "sha256-Glk61yudkHfUaTMlfUPLay/d6R/prmIt37oEWtVh+Qw=",
        "owner": "oxcl",
        "repo": "apple-emoji-nix",
        "rev": "5b1a9d2513af73b5a23c7656e34d54a6bf76b34d",
        "type": "github"
      },
      "original": {
        "owner": "oxcl",
        "repo": "apple-emoji-nix",
        "type": "github"
      }
    },
    "gruvbox-material-gtk": {
      "inputs": {
        "nixpkgs": [
          "nixpkgs"
        ]
      },
      "locked": {
        "lastModified": 1706689896,
        "narHash": "sha256-BqVY0UwWClzQFGngsdgtGGPiY+BnUm/s0mH+IVIDFI0=",
        "owner": "oxcl",
        "repo": "gruvbox-material-gtk-nix",
        "rev": "dec81a8e735e001622aa8ecf302340b45970a977",
        "type": "github"
      },
      "original": {
        "owner": "oxcl",
        "repo": "gruvbox-material-gtk-nix",
        "type": "github"
      }
    },
    "home-manager": {
      "inputs": {
        "nixpkgs": [
          "nixpkgs"
        ]
      },
      "locked": {
        "lastModified": 1711133180,
        "narHash": "sha256-WJOahf+6115+GMl3wUfURu8fszuNeJLv9qAWFQl3Vmo=",
        "owner": "nix-community",
        "repo": "home-manager",
        "rev": "1c2c5e4cabba4c43504ef0f8cc3f3dfa284e2dbb",
        "type": "github"
      },
      "original": {
        "owner": "nix-community",
        "repo": "home-manager",
        "type": "github"
      }
    },
    "nixpkgs": {
      "locked": {
        "lastModified": 1711124224,
        "narHash": "sha256-l0zlN/3CiodvWDtfBOVxeTwYSRz93muVbXWSpaMjXxM=",
        "owner": "NixOS",
        "repo": "nixpkgs",
        "rev": "56528ee42526794d413d6f244648aaee4a7b56c0",
        "type": "github"
      },
      "original": {
        "id": "nixpkgs",
        "ref": "nixos-23.11",
        "type": "indirect"
      }
    },
    "rofi-blocks": {
      "inputs": {
        "nixpkgs": [
          "nixpkgs"
        ]
      },
      "locked": {
        "lastModified": 1702905486,
        "narHash": "sha256-xsh6aw4q3O2igBQ5fxLbpv1BFa4HS4wJXHiBuNxByEY=",
        "owner": "oxcl",
        "repo": "rofi-blocks-nix",
        "rev": "df50e75b5db04590be685250107eb018b79ad307",
        "type": "github"
      },
      "original": {
        "owner": "oxcl",
        "repo": "rofi-blocks-nix",
        "type": "github"
      }
    },
    "root": {
      "inputs": {
        "apple-emoji-nix": "apple-emoji-nix",
        "gruvbox-material-gtk": "gruvbox-material-gtk",
        "home-manager": "home-manager",
        "nixpkgs": "nixpkgs",
        "rofi-blocks": "rofi-blocks",
        "unstable-nixpkgs": "unstable-nixpkgs"
      }
    },
    "unstable-nixpkgs": {
      "locked": {
        "lastModified": 1711333969,
        "narHash": "sha256-5PiWGn10DQjMZee5NXzeA6ccsv60iLu+Xtw+mfvkUAs=",
        "owner": "NixOS",
        "repo": "nixpkgs",
        "rev": "57e6b3a9e4ebec5aa121188301f04a6b8c354c9b",
        "type": "github"
      },
      "original": {
        "id": "nixpkgs",
        "ref": "nixos-unstable",
        "type": "indirect"
      }
    }
  },
  "root": "root",
  "version": 7
}
