{
  "nodes": {
    "home-manager": {
      "inputs": {
        "nixpkgs": [
          "nixpkgs"
        ]
      },
      "locked": {
        "lastModified": 1703838268,
        "narHash": "sha256-SRg5nXcdPnrsQR2MTAp7en0NyJnQ2wB1ivmsgEbvN+o=",
        "owner": "nix-community",
        "repo": "home-manager",
        "rev": "2aff324cf65f5f98f89d878c056b779466b17db8",
        "type": "github"
      },
      "original": {
        "owner": "nix-community",
        "repo": "home-manager",
        "type": "github"
      }
    },
    "nixpkgs": {
      "locked": {
        "lastModified": 1702312524,
        "narHash": "sha256-gkZJRDBUCpTPBvQk25G0B7vfbpEYM5s5OZqghkjZsnE=",
        "owner": "nixos",
        "repo": "nixpkgs",
        "rev": "a9bf124c46ef298113270b1f84a164865987a91c",
        "type": "github"
      },
      "original": {
        "owner": "nixos",
        "ref": "nixos-unstable",
        "repo": "nixpkgs",
        "type": "github"
      }
    },
    "nixpkgs_2": {
      "locked": {
        "lastModified": 1656401090,
        "narHash": "sha256-bUS2nfQsvTQW2z8SK7oEFSElbmoBahOPtbXPm0AL3I4=",
        "owner": "NixOS",
        "repo": "nixpkgs",
        "rev": "16de63fcc54e88b9a106a603038dd5dd2feb21eb",
        "type": "github"
      },
      "original": {
        "id": "nixpkgs",
        "type": "indirect"
      }
    },
    "rofi-blocks": {
      "inputs": {
        "nixpkgs": "nixpkgs_2"
      },
      "locked": {
        "lastModified": 1702905486,
        "narHash": "sha256-xsh6aw4q3O2igBQ5fxLbpv1BFa4HS4wJXHiBuNxByEY=",
        "owner": "oxcl",
        "repo": "rofi-blocks-nix",
        "rev": "df50e75b5db04590be685250107eb018b79ad307",
        "type": "github"
      },
      "original": {
        "owner": "oxcl",
        "repo": "rofi-blocks-nix",
        "type": "github"
      }
    },
    "root": {
      "inputs": {
        "home-manager": "home-manager",
        "nixpkgs": "nixpkgs",
        "rofi-blocks": "rofi-blocks"
      }
    }
  },
  "root": "root",
  "version": 7
}
