{
  "nodes": {
    "gruvbox-material-gtk": {
      "inputs": {
        "nixpkgs": [
          "nixpkgs"
        ]
      },
      "locked": {
        "lastModified": 1706689896,
        "narHash": "sha256-BqVY0UwWClzQFGngsdgtGGPiY+BnUm/s0mH+IVIDFI0=",
        "owner": "oxcl",
        "repo": "gruvbox-material-gtk-nix",
        "rev": "dec81a8e735e001622aa8ecf302340b45970a977",
        "type": "github"
      },
      "original": {
        "owner": "oxcl",
        "repo": "gruvbox-material-gtk-nix",
        "type": "github"
      }
    },
    "home-manager": {
      "inputs": {
        "nixpkgs": [
          "nixpkgs"
        ]
      },
      "locked": {
        "lastModified": 1712645849,
        "narHash": "sha256-67v20E0gH7nvAaMsah2oRIocnxGO25fATUyzQHIywxQ=",
        "owner": "nix-community",
        "repo": "home-manager",
        "rev": "40a99619da804a78a0b166e5c6911108c059c3a8",
        "type": "github"
      },
      "original": {
        "owner": "nix-community",
        "repo": "home-manager",
        "type": "github"
      }
    },
    "iozevka": {
      "inputs": {
        "nixpkgs": "nixpkgs"
      },
      "locked": {
        "lastModified": 1717051310,
        "narHash": "sha256-KRG+q4tnO6AbhwYCBeO0X1uZeoctYew0YOQiMK4nXXA=",
        "owner": "oxcl",
        "repo": "iozevka",
        "rev": "58c8cbe70713f87370df8c7a1df0afe6dd818b74",
        "type": "github"
      },
      "original": {
        "owner": "oxcl",
        "repo": "iozevka",
        "type": "github"
      }
    },
    "nixpkgs": {
      "locked": {
        "lastModified": 1688392541,
        "narHash": "sha256-lHrKvEkCPTUO+7tPfjIcb7Trk6k31rz18vkyqmkeJfY=",
        "owner": "nixos",
        "repo": "nixpkgs",
        "rev": "ea4c80b39be4c09702b0cb3b42eab59e2ba4f24b",
        "type": "github"
      },
      "original": {
        "owner": "nixos",
        "ref": "nixos-22.11",
        "repo": "nixpkgs",
        "type": "github"
      }
    },
    "nixpkgs_2": {
      "locked": {
        "lastModified": 1712437997,
        "narHash": "sha256-g0whLLwRvgO2FsyhY8fNk+TWenS3jg5UdlWL4uqgFeo=",
        "owner": "NixOS",
        "repo": "nixpkgs",
        "rev": "e38d7cb66ea4f7a0eb6681920615dfcc30fc2920",
        "type": "github"
      },
      "original": {
        "id": "nixpkgs",
        "ref": "nixos-23.11",
        "type": "indirect"
      }
    },
    "rofi-blocks": {
      "inputs": {
        "nixpkgs": [
          "nixpkgs"
        ]
      },
      "locked": {
        "lastModified": 1702905486,
        "narHash": "sha256-xsh6aw4q3O2igBQ5fxLbpv1BFa4HS4wJXHiBuNxByEY=",
        "owner": "oxcl",
        "repo": "rofi-blocks-nix",
        "rev": "df50e75b5db04590be685250107eb018b79ad307",
        "type": "github"
      },
      "original": {
        "owner": "oxcl",
        "repo": "rofi-blocks-nix",
        "type": "github"
      }
    },
    "root": {
      "inputs": {
        "gruvbox-material-gtk": "gruvbox-material-gtk",
        "home-manager": "home-manager",
        "iozevka": "iozevka",
        "nixpkgs": "nixpkgs_2",
        "rofi-blocks": "rofi-blocks",
        "unstable-nixpkgs": "unstable-nixpkgs"
      }
    },
    "unstable-nixpkgs": {
      "locked": {
        "lastModified": 1712439257,
        "narHash": "sha256-aSpiNepFOMk9932HOax0XwNxbA38GOUVOiXfUVPOrck=",
        "owner": "NixOS",
        "repo": "nixpkgs",
        "rev": "ff0dbd94265ac470dda06a657d5fe49de93b4599",
        "type": "github"
      },
      "original": {
        "id": "nixpkgs",
        "ref": "nixos-unstable",
        "type": "indirect"
      }
    }
  },
  "root": "root",
  "version": 7
}
