fast-syntax-highlighting;cf318e06a9b7c9f2219d78f41b46fa6e06011fd9;git;https://github.com/zdharma-continuum/fast-syntax-highlighting
powerlevel10k;d70eedb345a9cc54b4f3e9ae09b0dbbb4edc9a39;git;https://github.com/romkatv/powerlevel10k
ohmyzsh;48ccc7b36de8efb2bd7beb9bd6e0a6f6fe03b95d;framework;https://github.com/ohmyzsh/ohmyzsh
zsh-better-npm-completion;47e5987ca422de43784f9d76311d764f82af2717;git;https://github.com/lukechilds/zsh-better-npm-completion
